
Microsoft Visual Studio Solution File, Format Version 12.00
# Visual Studio Version 16
VisualStudioVersion = 16.0.31410.357
MinimumVisualStudioVersion = 10.0.40219.1
Project("{FAE04EC0-301F-11D3-BF4B-00C04F79EFBC}") = "MediaPonderada", "MediaPonderada\MediaPonderada.csproj", "{67FDC99B-87D3-4635-B517-E81CF9D53E09}"
EndProject
Project("{FAE04EC0-301F-11D3-BF4B-00C04F79EFBC}") = "SalarioFuncionario", "SalarioFuncionario\SalarioFuncionario.csproj", "{F7D98DAE-35AA-4DD2-8258-DD0DBDA19BFA}"
EndProject
Project("{FAE04EC0-301F-11D3-BF4B-00C04F79EFBC}") = "ConversaoUnidadeMedida", "ConversaoUnidadeMedida\ConversaoUnidadeMedida.csproj", "{CA7EC784-018C-4237-B942-F524C5F17FD9}"
EndProject
Project("{FAE04EC0-301F-11D3-BF4B-00C04F79EFBC}") = "DepartamentoPessoal", "DepartamentoPessoal\DepartamentoPessoal.csproj", "{9C78BB79-9298-41DD-A4C6-8637E3FDC760}"
EndProject
Project("{FAE04EC0-301F-11D3-BF4B-00C04F79EFBC}") = "Quilowatt", "Quilowatt\Quilowatt.csproj", "{24140A42-33AE-4801-9320-A7B4E8E534F8}"
EndProject
Global
	GlobalSection(SolutionConfigurationPlatforms) = preSolution
		Debug|Any CPU = Debug|Any CPU
		Release|Any CPU = Release|Any CPU
	EndGlobalSection
	GlobalSection(ProjectConfigurationPlatforms) = postSolution
		{67FDC99B-87D3-4635-B517-E81CF9D53E09}.Debug|Any CPU.ActiveCfg = Debug|Any CPU
		{67FDC99B-87D3-4635-B517-E81CF9D53E09}.Debug|Any CPU.Build.0 = Debug|Any CPU
		{67FDC99B-87D3-4635-B517-E81CF9D53E09}.Release|Any CPU.ActiveCfg = Release|Any CPU
		{67FDC99B-87D3-4635-B517-E81CF9D53E09}.Release|Any CPU.Build.0 = Release|Any CPU
		{F7D98DAE-35AA-4DD2-8258-DD0DBDA19BFA}.Debug|Any CPU.ActiveCfg = Debug|Any CPU
		{F7D98DAE-35AA-4DD2-8258-DD0DBDA19BFA}.Debug|Any CPU.Build.0 = Debug|Any CPU
		{F7D98DAE-35AA-4DD2-8258-DD0DBDA19BFA}.Release|Any CPU.ActiveCfg = Release|Any CPU
		{F7D98DAE-35AA-4DD2-8258-DD0DBDA19BFA}.Release|Any CPU.Build.0 = Release|Any CPU
		{CA7EC784-018C-4237-B942-F524C5F17FD9}.Debug|Any CPU.ActiveCfg = Debug|Any CPU
		{CA7EC784-018C-4237-B942-F524C5F17FD9}.Debug|Any CPU.Build.0 = Debug|Any CPU
		{CA7EC784-018C-4237-B942-F524C5F17FD9}.Release|Any CPU.ActiveCfg = Release|Any CPU
		{CA7EC784-018C-4237-B942-F524C5F17FD9}.Release|Any CPU.Build.0 = Release|Any CPU
		{9C78BB79-9298-41DD-A4C6-8637E3FDC760}.Debug|Any CPU.ActiveCfg = Debug|Any CPU
		{9C78BB79-9298-41DD-A4C6-8637E3FDC760}.Debug|Any CPU.Build.0 = Debug|Any CPU
		{9C78BB79-9298-41DD-A4C6-8637E3FDC760}.Release|Any CPU.ActiveCfg = Release|Any CPU
		{9C78BB79-9298-41DD-A4C6-8637E3FDC760}.Release|Any CPU.Build.0 = Release|Any CPU
		{24140A42-33AE-4801-9320-A7B4E8E534F8}.Debug|Any CPU.ActiveCfg = Debug|Any CPU
		{24140A42-33AE-4801-9320-A7B4E8E534F8}.Debug|Any CPU.Build.0 = Debug|Any CPU
		{24140A42-33AE-4801-9320-A7B4E8E534F8}.Release|Any CPU.ActiveCfg = Release|Any CPU
		{24140A42-33AE-4801-9320-A7B4E8E534F8}.Release|Any CPU.Build.0 = Release|Any CPU
	EndGlobalSection
	GlobalSection(SolutionProperties) = preSolution
		HideSolutionNode = FALSE
	EndGlobalSection
	GlobalSection(ExtensibilityGlobals) = postSolution
		SolutionGuid = {DC127351-B067-44BF-9534-F2831F9FC4BB}
	EndGlobalSection
EndGlobal
